
Microsoft Visual Studio Solution File, Format Version 12.00
# Visual Studio Version 16
VisualStudioVersion = 16.0.29709.97
MinimumVisualStudioVersion = 10.0.40219.1
Project("{2150E333-8FDC-42A3-9474-1A3956D46DE8}") = "Libs", "Libs", "{D8616CBF-FA8C-405B-B7CB-1AF0919B1F89}"
EndProject
Project("{2150E333-8FDC-42A3-9474-1A3956D46DE8}") = "Examples", "Examples", "{580F3AF8-E979-4FD3-A6E5-5AB42734E587}"
EndProject
Project("{9A19103F-16F7-4668-BE54-9A1E7A4F7556}") = "WPFApp", "Examples\WPFApp\WPFApp.csproj", "{C052FC85-30B4-49DD-AA0F-470F119B6561}"
EndProject
Project("{9A19103F-16F7-4668-BE54-9A1E7A4F7556}") = "WPFApp.Domain", "Examples\WPFApp.Domain\WPFApp.Domain.csproj", "{5856AA58-D5CE-4AC9-AC6A-2B3C390C610D}"
EndProject
Project("{9A19103F-16F7-4668-BE54-9A1E7A4F7556}") = "Libs.Prism", "Libs\Libs.Prism\Libs.Prism.csproj", "{1A17422C-DE96-4447-811B-AA430B84296B}"
EndProject
Project("{9A19103F-16F7-4668-BE54-9A1E7A4F7556}") = "Libs.Prism.Navigation", "Libs\Libs.Prism.Navigation\Libs.Prism.Navigation.csproj", "{FBD3746D-29FE-4065-A6BC-400E9EA8633D}"
EndProject
Project("{FAE04EC0-301F-11D3-BF4B-00C04F79EFBC}") = "WPFApp.Infra", "Examples\WPFApp.Infra\WPFApp.Infra.csproj", "{AAF7FE59-8CC6-4926-8D34-81D46F8016CC}"
EndProject
Global
	GlobalSection(SolutionConfigurationPlatforms) = preSolution
		Debug|Any CPU = Debug|Any CPU
		Release|Any CPU = Release|Any CPU
	EndGlobalSection
	GlobalSection(ProjectConfigurationPlatforms) = postSolution
		{C052FC85-30B4-49DD-AA0F-470F119B6561}.Debug|Any CPU.ActiveCfg = Debug|Any CPU
		{C052FC85-30B4-49DD-AA0F-470F119B6561}.Debug|Any CPU.Build.0 = Debug|Any CPU
		{C052FC85-30B4-49DD-AA0F-470F119B6561}.Release|Any CPU.ActiveCfg = Release|Any CPU
		{C052FC85-30B4-49DD-AA0F-470F119B6561}.Release|Any CPU.Build.0 = Release|Any CPU
		{5856AA58-D5CE-4AC9-AC6A-2B3C390C610D}.Debug|Any CPU.ActiveCfg = Debug|Any CPU
		{5856AA58-D5CE-4AC9-AC6A-2B3C390C610D}.Debug|Any CPU.Build.0 = Debug|Any CPU
		{5856AA58-D5CE-4AC9-AC6A-2B3C390C610D}.Release|Any CPU.ActiveCfg = Release|Any CPU
		{5856AA58-D5CE-4AC9-AC6A-2B3C390C610D}.Release|Any CPU.Build.0 = Release|Any CPU
		{1A17422C-DE96-4447-811B-AA430B84296B}.Debug|Any CPU.ActiveCfg = Debug|Any CPU
		{1A17422C-DE96-4447-811B-AA430B84296B}.Debug|Any CPU.Build.0 = Debug|Any CPU
		{1A17422C-DE96-4447-811B-AA430B84296B}.Release|Any CPU.ActiveCfg = Release|Any CPU
		{1A17422C-DE96-4447-811B-AA430B84296B}.Release|Any CPU.Build.0 = Release|Any CPU
		{FBD3746D-29FE-4065-A6BC-400E9EA8633D}.Debug|Any CPU.ActiveCfg = Debug|Any CPU
		{FBD3746D-29FE-4065-A6BC-400E9EA8633D}.Debug|Any CPU.Build.0 = Debug|Any CPU
		{FBD3746D-29FE-4065-A6BC-400E9EA8633D}.Release|Any CPU.ActiveCfg = Release|Any CPU
		{FBD3746D-29FE-4065-A6BC-400E9EA8633D}.Release|Any CPU.Build.0 = Release|Any CPU
		{AAF7FE59-8CC6-4926-8D34-81D46F8016CC}.Debug|Any CPU.ActiveCfg = Debug|Any CPU
		{AAF7FE59-8CC6-4926-8D34-81D46F8016CC}.Debug|Any CPU.Build.0 = Debug|Any CPU
		{AAF7FE59-8CC6-4926-8D34-81D46F8016CC}.Release|Any CPU.ActiveCfg = Release|Any CPU
		{AAF7FE59-8CC6-4926-8D34-81D46F8016CC}.Release|Any CPU.Build.0 = Release|Any CPU
	EndGlobalSection
	GlobalSection(SolutionProperties) = preSolution
		HideSolutionNode = FALSE
	EndGlobalSection
	GlobalSection(NestedProjects) = preSolution
		{C052FC85-30B4-49DD-AA0F-470F119B6561} = {580F3AF8-E979-4FD3-A6E5-5AB42734E587}
		{5856AA58-D5CE-4AC9-AC6A-2B3C390C610D} = {580F3AF8-E979-4FD3-A6E5-5AB42734E587}
		{1A17422C-DE96-4447-811B-AA430B84296B} = {D8616CBF-FA8C-405B-B7CB-1AF0919B1F89}
		{FBD3746D-29FE-4065-A6BC-400E9EA8633D} = {D8616CBF-FA8C-405B-B7CB-1AF0919B1F89}
		{AAF7FE59-8CC6-4926-8D34-81D46F8016CC} = {580F3AF8-E979-4FD3-A6E5-5AB42734E587}
	EndGlobalSection
	GlobalSection(ExtensibilityGlobals) = postSolution
		SolutionGuid = {BB376DAA-FCBB-41B7-93BF-57D2D36EB125}
	EndGlobalSection
EndGlobal
